
Microsoft Visual Studio Solution File, Format Version 12.00
# Visual Studio 15
VisualStudioVersion = 15.0.28010.2046
MinimumVisualStudioVersion = 10.0.40219.1
Project("{FAE04EC0-301F-11D3-BF4B-00C04F79EFBC}") = "LatticePaths", "LatticePaths\LatticePaths.csproj", "{7FECC505-FF36-4EE2-BE67-B583DAB67EEF}"
EndProject
Global
	GlobalSection(SolutionConfigurationPlatforms) = preSolution
		Debug|Any CPU = Debug|Any CPU
		Release|Any CPU = Release|Any CPU
	EndGlobalSection
	GlobalSection(ProjectConfigurationPlatforms) = postSolution
		{7FECC505-FF36-4EE2-BE67-B583DAB67EEF}.Debug|Any CPU.ActiveCfg = Debug|Any CPU
		{7FECC505-FF36-4EE2-BE67-B583DAB67EEF}.Debug|Any CPU.Build.0 = Debug|Any CPU
		{7FECC505-FF36-4EE2-BE67-B583DAB67EEF}.Release|Any CPU.ActiveCfg = Release|Any CPU
		{7FECC505-FF36-4EE2-BE67-B583DAB67EEF}.Release|Any CPU.Build.0 = Release|Any CPU
	EndGlobalSection
	GlobalSection(SolutionProperties) = preSolution
		HideSolutionNode = FALSE
	EndGlobalSection
	GlobalSection(ExtensibilityGlobals) = postSolution
		SolutionGuid = {0A347071-0275-4D53-B63A-3EAE86D90732}
	EndGlobalSection
EndGlobal
