
Microsoft Visual Studio Solution File, Format Version 12.00
# Visual Studio 15
VisualStudioVersion = 15.0.28010.2046
MinimumVisualStudioVersion = 10.0.40219.1
Project("{FAE04EC0-301F-11D3-BF4B-00C04F79EFBC}") = "DoubleBasePalindromes", "DoubleBasePalindromes\DoubleBasePalindromes.csproj", "{C0CF0859-B526-4502-9CB0-66B20898FDD9}"
EndProject
Global
	GlobalSection(SolutionConfigurationPlatforms) = preSolution
		Debug|Any CPU = Debug|Any CPU
		Release|Any CPU = Release|Any CPU
	EndGlobalSection
	GlobalSection(ProjectConfigurationPlatforms) = postSolution
		{C0CF0859-B526-4502-9CB0-66B20898FDD9}.Debug|Any CPU.ActiveCfg = Debug|Any CPU
		{C0CF0859-B526-4502-9CB0-66B20898FDD9}.Debug|Any CPU.Build.0 = Debug|Any CPU
		{C0CF0859-B526-4502-9CB0-66B20898FDD9}.Release|Any CPU.ActiveCfg = Release|Any CPU
		{C0CF0859-B526-4502-9CB0-66B20898FDD9}.Release|Any CPU.Build.0 = Release|Any CPU
	EndGlobalSection
	GlobalSection(SolutionProperties) = preSolution
		HideSolutionNode = FALSE
	EndGlobalSection
	GlobalSection(ExtensibilityGlobals) = postSolution
		SolutionGuid = {49782EAC-615D-4FF4-A7A8-24955456B80F}
	EndGlobalSection
EndGlobal
